
Microsoft Visual Studio Solution File, Format Version 12.00
# Visual Studio Version 17
VisualStudioVersion = 17.4.33213.308
MinimumVisualStudioVersion = 10.0.40219.1
Project("{9A19103F-16F7-4668-BE54-9A1E7A4F7556}") = "pract3", "pract3\pract3.csproj", "{29A3951C-E829-4BF9-8EB5-BD997F1D93CF}"
EndProject
Global
	GlobalSection(SolutionConfigurationPlatforms) = preSolution
		Debug|Any CPU = Debug|Any CPU
		Release|Any CPU = Release|Any CPU
	EndGlobalSection
	GlobalSection(ProjectConfigurationPlatforms) = postSolution
		{29A3951C-E829-4BF9-8EB5-BD997F1D93CF}.Debug|Any CPU.ActiveCfg = Debug|Any CPU
		{29A3951C-E829-4BF9-8EB5-BD997F1D93CF}.Debug|Any CPU.Build.0 = Debug|Any CPU
		{29A3951C-E829-4BF9-8EB5-BD997F1D93CF}.Release|Any CPU.ActiveCfg = Release|Any CPU
		{29A3951C-E829-4BF9-8EB5-BD997F1D93CF}.Release|Any CPU.Build.0 = Release|Any CPU
	EndGlobalSection
	GlobalSection(SolutionProperties) = preSolution
		HideSolutionNode = FALSE
	EndGlobalSection
	GlobalSection(ExtensibilityGlobals) = postSolution
		SolutionGuid = {4A10784C-D3E8-4279-829C-0BD56C6A345C}
	EndGlobalSection
EndGlobal
